
Microsoft Visual Studio Solution File, Format Version 12.00
# Visual Studio Version 17
VisualStudioVersion = 17.0.31903.59
MinimumVisualStudioVersion = 10.0.40219.1
Project("{2150E333-8FDC-42A3-9474-1A3956D46DE8}") = "src", "src", "{827E0CD3-B72D-47B6-A68D-7590B98EB39B}"
EndProject
Project("{FAE04EC0-301F-11D3-BF4B-00C04F79EFBC}") = "Voitmed.Web", "src\Voitmed.Web\Voitmed.Web.csproj", "{AFA512C9-5DC5-4E88-ADA2-E7376EDC3219}"
EndProject
Project("{FAE04EC0-301F-11D3-BF4B-00C04F79EFBC}") = "Voitmed.Core", "src\Voitmed.Core\Voitmed.Core.csproj", "{E01773DB-4745-4614-83FD-C4756970C1E3}"
EndProject
Project("{FAE04EC0-301F-11D3-BF4B-00C04F79EFBC}") = "Voitmed.Infrastructure", "src\Voitmed.Infrastructure\Voitmed.Infrastructure.csproj", "{A14BBB26-E952-4CCE-8985-CBE345B7B8F4}"
EndProject
Global
	GlobalSection(SolutionConfigurationPlatforms) = preSolution
		Debug|Any CPU = Debug|Any CPU
		Debug|x64 = Debug|x64
		Debug|x86 = Debug|x86
		Release|Any CPU = Release|Any CPU
		Release|x64 = Release|x64
		Release|x86 = Release|x86
	EndGlobalSection
	GlobalSection(ProjectConfigurationPlatforms) = postSolution
		{AFA512C9-5DC5-4E88-ADA2-E7376EDC3219}.Debug|Any CPU.ActiveCfg = Debug|Any CPU
		{AFA512C9-5DC5-4E88-ADA2-E7376EDC3219}.Debug|Any CPU.Build.0 = Debug|Any CPU
		{AFA512C9-5DC5-4E88-ADA2-E7376EDC3219}.Debug|x64.ActiveCfg = Debug|Any CPU
		{AFA512C9-5DC5-4E88-ADA2-E7376EDC3219}.Debug|x64.Build.0 = Debug|Any CPU
		{AFA512C9-5DC5-4E88-ADA2-E7376EDC3219}.Debug|x86.ActiveCfg = Debug|Any CPU
		{AFA512C9-5DC5-4E88-ADA2-E7376EDC3219}.Debug|x86.Build.0 = Debug|Any CPU
		{AFA512C9-5DC5-4E88-ADA2-E7376EDC3219}.Release|Any CPU.ActiveCfg = Release|Any CPU
		{AFA512C9-5DC5-4E88-ADA2-E7376EDC3219}.Release|Any CPU.Build.0 = Release|Any CPU
		{AFA512C9-5DC5-4E88-ADA2-E7376EDC3219}.Release|x64.ActiveCfg = Release|Any CPU
		{AFA512C9-5DC5-4E88-ADA2-E7376EDC3219}.Release|x64.Build.0 = Release|Any CPU
		{AFA512C9-5DC5-4E88-ADA2-E7376EDC3219}.Release|x86.ActiveCfg = Release|Any CPU
		{AFA512C9-5DC5-4E88-ADA2-E7376EDC3219}.Release|x86.Build.0 = Release|Any CPU
		{E01773DB-4745-4614-83FD-C4756970C1E3}.Debug|Any CPU.ActiveCfg = Debug|Any CPU
		{E01773DB-4745-4614-83FD-C4756970C1E3}.Debug|Any CPU.Build.0 = Debug|Any CPU
		{E01773DB-4745-4614-83FD-C4756970C1E3}.Debug|x64.ActiveCfg = Debug|Any CPU
		{E01773DB-4745-4614-83FD-C4756970C1E3}.Debug|x64.Build.0 = Debug|Any CPU
		{E01773DB-4745-4614-83FD-C4756970C1E3}.Debug|x86.ActiveCfg = Debug|Any CPU
		{E01773DB-4745-4614-83FD-C4756970C1E3}.Debug|x86.Build.0 = Debug|Any CPU
		{E01773DB-4745-4614-83FD-C4756970C1E3}.Release|Any CPU.ActiveCfg = Release|Any CPU
		{E01773DB-4745-4614-83FD-C4756970C1E3}.Release|Any CPU.Build.0 = Release|Any CPU
		{E01773DB-4745-4614-83FD-C4756970C1E3}.Release|x64.ActiveCfg = Release|Any CPU
		{E01773DB-4745-4614-83FD-C4756970C1E3}.Release|x64.Build.0 = Release|Any CPU
		{E01773DB-4745-4614-83FD-C4756970C1E3}.Release|x86.ActiveCfg = Release|Any CPU
		{E01773DB-4745-4614-83FD-C4756970C1E3}.Release|x86.Build.0 = Release|Any CPU
		{A14BBB26-E952-4CCE-8985-CBE345B7B8F4}.Debug|Any CPU.ActiveCfg = Debug|Any CPU
		{A14BBB26-E952-4CCE-8985-CBE345B7B8F4}.Debug|Any CPU.Build.0 = Debug|Any CPU
		{A14BBB26-E952-4CCE-8985-CBE345B7B8F4}.Debug|x64.ActiveCfg = Debug|Any CPU
		{A14BBB26-E952-4CCE-8985-CBE345B7B8F4}.Debug|x64.Build.0 = Debug|Any CPU
		{A14BBB26-E952-4CCE-8985-CBE345B7B8F4}.Debug|x86.ActiveCfg = Debug|Any CPU
		{A14BBB26-E952-4CCE-8985-CBE345B7B8F4}.Debug|x86.Build.0 = Debug|Any CPU
		{A14BBB26-E952-4CCE-8985-CBE345B7B8F4}.Release|Any CPU.ActiveCfg = Release|Any CPU
		{A14BBB26-E952-4CCE-8985-CBE345B7B8F4}.Release|Any CPU.Build.0 = Release|Any CPU
		{A14BBB26-E952-4CCE-8985-CBE345B7B8F4}.Release|x64.ActiveCfg = Release|Any CPU
		{A14BBB26-E952-4CCE-8985-CBE345B7B8F4}.Release|x64.Build.0 = Release|Any CPU
		{A14BBB26-E952-4CCE-8985-CBE345B7B8F4}.Release|x86.ActiveCfg = Release|Any CPU
		{A14BBB26-E952-4CCE-8985-CBE345B7B8F4}.Release|x86.Build.0 = Release|Any CPU
	EndGlobalSection
	GlobalSection(SolutionProperties) = preSolution
		HideSolutionNode = FALSE
	EndGlobalSection
	GlobalSection(NestedProjects) = preSolution
		{AFA512C9-5DC5-4E88-ADA2-E7376EDC3219} = {827E0CD3-B72D-47B6-A68D-7590B98EB39B}
		{E01773DB-4745-4614-83FD-C4756970C1E3} = {827E0CD3-B72D-47B6-A68D-7590B98EB39B}
		{A14BBB26-E952-4CCE-8985-CBE345B7B8F4} = {827E0CD3-B72D-47B6-A68D-7590B98EB39B}
	EndGlobalSection
	GlobalSection(ExtensibilityGlobals) = postSolution
		SolutionGuid = {C8C49079-BFA9-4E41-9F4C-9B472AA58072}
	EndGlobalSection
EndGlobal
